
Microsoft Visual Studio Solution File, Format Version 12.00
# Visual Studio 15
Project("{FAE04EC0-301F-11D3-BF4B-00C04F79EFBC}") = "Assembly1", "Assembly1.csproj", "{0C4AE72A-B412-CC37-16BC-6BC22E1A2155}"
EndProject
Project("{FAE04EC0-301F-11D3-BF4B-00C04F79EFBC}") = "AssemblyUI", "AssemblyUI.csproj", "{2438F761-BCF2-7788-B69C-F148088DCB4D}"
EndProject
Global
	GlobalSection(SolutionConfigurationPlatforms) = preSolution
		Debug|Any CPU = Debug|Any CPU
		Release|Any CPU = Release|Any CPU
	EndGlobalSection
	GlobalSection(ProjectConfigurationPlatforms) = postSolution
		{0C4AE72A-B412-CC37-16BC-6BC22E1A2155}.Debug|Any CPU.ActiveCfg = Debug|Any CPU
		{0C4AE72A-B412-CC37-16BC-6BC22E1A2155}.Debug|Any CPU.Build.0 = Debug|Any CPU
		{0C4AE72A-B412-CC37-16BC-6BC22E1A2155}.Release|Any CPU.ActiveCfg = Release|Any CPU
		{0C4AE72A-B412-CC37-16BC-6BC22E1A2155}.Release|Any CPU.Build.0 = Release|Any CPU
		{2438F761-BCF2-7788-B69C-F148088DCB4D}.Debug|Any CPU.ActiveCfg = Debug|Any CPU
		{2438F761-BCF2-7788-B69C-F148088DCB4D}.Debug|Any CPU.Build.0 = Debug|Any CPU
		{2438F761-BCF2-7788-B69C-F148088DCB4D}.Release|Any CPU.ActiveCfg = Release|Any CPU
		{2438F761-BCF2-7788-B69C-F148088DCB4D}.Release|Any CPU.Build.0 = Release|Any CPU
	EndGlobalSection
	GlobalSection(SolutionProperties) = preSolution
		HideSolutionNode = FALSE
	EndGlobalSection
EndGlobal
