
Microsoft Visual Studio Solution File, Format Version 12.00
# Visual Studio Version 16
VisualStudioVersion = 16.0.31911.196
MinimumVisualStudioVersion = 10.0.40219.1
Project("{FAE04EC0-301F-11D3-BF4B-00C04F79EFBC}") = "Reflection", "Reflection.csproj", "{D7BAC1BA-EA81-48BF-9571-A07377D5CAA3}"
EndProject
Global
	GlobalSection(SolutionConfigurationPlatforms) = preSolution
		Debug|Any CPU = Debug|Any CPU
		Release|Any CPU = Release|Any CPU
	EndGlobalSection
	GlobalSection(ProjectConfigurationPlatforms) = postSolution
		{D7BAC1BA-EA81-48BF-9571-A07377D5CAA3}.Debug|Any CPU.ActiveCfg = Debug|Any CPU
		{D7BAC1BA-EA81-48BF-9571-A07377D5CAA3}.Debug|Any CPU.Build.0 = Debug|Any CPU
		{D7BAC1BA-EA81-48BF-9571-A07377D5CAA3}.Release|Any CPU.ActiveCfg = Release|Any CPU
		{D7BAC1BA-EA81-48BF-9571-A07377D5CAA3}.Release|Any CPU.Build.0 = Release|Any CPU
	EndGlobalSection
	GlobalSection(SolutionProperties) = preSolution
		HideSolutionNode = FALSE
	EndGlobalSection
	GlobalSection(ExtensibilityGlobals) = postSolution
		SolutionGuid = {1EE3DA98-863C-472E-AEBC-C18F53C36617}
	EndGlobalSection
EndGlobal
